
Microsoft Visual Studio Solution File, Format Version 12.00
# Visual Studio Version 17
VisualStudioVersion = 17.6.33815.320
MinimumVisualStudioVersion = 10.0.40219.1
Project("{9A19103F-16F7-4668-BE54-9A1E7A4F7556}") = "ManageCustomer", "ManageCustomer\ManageCustomer.csproj", "{CE112F9A-90E7-4E72-8598-895694EDD860}"
EndProject
Global
	GlobalSection(SolutionConfigurationPlatforms) = preSolution
		Debug|Any CPU = Debug|Any CPU
		Release|Any CPU = Release|Any CPU
	EndGlobalSection
	GlobalSection(ProjectConfigurationPlatforms) = postSolution
		{CE112F9A-90E7-4E72-8598-895694EDD860}.Debug|Any CPU.ActiveCfg = Debug|Any CPU
		{CE112F9A-90E7-4E72-8598-895694EDD860}.Debug|Any CPU.Build.0 = Debug|Any CPU
		{CE112F9A-90E7-4E72-8598-895694EDD860}.Release|Any CPU.ActiveCfg = Release|Any CPU
		{CE112F9A-90E7-4E72-8598-895694EDD860}.Release|Any CPU.Build.0 = Release|Any CPU
	EndGlobalSection
	GlobalSection(SolutionProperties) = preSolution
		HideSolutionNode = FALSE
	EndGlobalSection
	GlobalSection(ExtensibilityGlobals) = postSolution
		SolutionGuid = {DCDEE268-7EDD-402E-ADEF-9A76D13686EA}
	EndGlobalSection
EndGlobal
